
Microsoft Visual Studio Solution File, Format Version 12.00
# Visual Studio Version 17
VisualStudioVersion = 17.5.002.0
MinimumVisualStudioVersion = 10.0.40219.1
Project("{9A19103F-16F7-4668-BE54-9A1E7A4F7556}") = "Final", "Final\Final.csproj", "{2F202839-098D-486F-8023-1B03F15B8383}"
EndProject
Project("{9A19103F-16F7-4668-BE54-9A1E7A4F7556}") = "Starter", "Starter\Starter.csproj", "{0E64FD9C-B79F-4BEE-9FD5-BEEB18AB2B7D}"
EndProject
Global
	GlobalSection(SolutionConfigurationPlatforms) = preSolution
		Debug|Any CPU = Debug|Any CPU
		Release|Any CPU = Release|Any CPU
	EndGlobalSection
	GlobalSection(ProjectConfigurationPlatforms) = postSolution
		{2F202839-098D-486F-8023-1B03F15B8383}.Debug|Any CPU.ActiveCfg = Debug|Any CPU
		{2F202839-098D-486F-8023-1B03F15B8383}.Debug|Any CPU.Build.0 = Debug|Any CPU
		{2F202839-098D-486F-8023-1B03F15B8383}.Release|Any CPU.ActiveCfg = Release|Any CPU
		{2F202839-098D-486F-8023-1B03F15B8383}.Release|Any CPU.Build.0 = Release|Any CPU
		{0E64FD9C-B79F-4BEE-9FD5-BEEB18AB2B7D}.Debug|Any CPU.ActiveCfg = Debug|Any CPU
		{0E64FD9C-B79F-4BEE-9FD5-BEEB18AB2B7D}.Debug|Any CPU.Build.0 = Debug|Any CPU
		{0E64FD9C-B79F-4BEE-9FD5-BEEB18AB2B7D}.Release|Any CPU.ActiveCfg = Release|Any CPU
		{0E64FD9C-B79F-4BEE-9FD5-BEEB18AB2B7D}.Release|Any CPU.Build.0 = Release|Any CPU
	EndGlobalSection
	GlobalSection(SolutionProperties) = preSolution
		HideSolutionNode = FALSE
	EndGlobalSection
	GlobalSection(ExtensibilityGlobals) = postSolution
		SolutionGuid = {C3FB6124-5B93-40B3-A043-C797B1284486}
	EndGlobalSection
EndGlobal
